# Code generated by scarb DO NOT EDIT.
version = 1

[[package]]
name = "chainevents_contracts"
version = "0.1.0"
dependencies = [
 "openzeppelin",
 "snforge_std",
]

[[package]]
name = "openzeppelin"
version = "0.17.0"
source = "git+https://github.com/OpenZeppelin/cairo-contracts.git?tag=v0.17.0#bf5d02c25c989ccc24f3ab42ec649617d3f21289"
dependencies = [
 "openzeppelin_access",
 "openzeppelin_account",
 "openzeppelin_finance",
 "openzeppelin_governance",
 "openzeppelin_introspection",
 "openzeppelin_merkle_tree",
 "openzeppelin_presets",
 "openzeppelin_security",
 "openzeppelin_token",
 "openzeppelin_upgrades",
 "openzeppelin_utils",
]

[[package]]
name = "openzeppelin_access"
version = "0.17.0"
source = "git+https://github.com/OpenZeppelin/cairo-contracts.git?tag=v0.17.0#bf5d02c25c989ccc24f3ab42ec649617d3f21289"
dependencies = [
 "openzeppelin_introspection",
 "openzeppelin_utils",
]

[[package]]
name = "openzeppelin_account"
version = "0.17.0"
source = "git+https://github.com/OpenZeppelin/cairo-contracts.git?tag=v0.17.0#bf5d02c25c989ccc24f3ab42ec649617d3f21289"
dependencies = [
 "openzeppelin_introspection",
 "openzeppelin_utils",
]

[[package]]
name = "openzeppelin_finance"
version = "0.17.0"
source = "git+https://github.com/OpenZeppelin/cairo-contracts.git?tag=v0.17.0#bf5d02c25c989ccc24f3ab42ec649617d3f21289"
dependencies = [
 "openzeppelin_access",
 "openzeppelin_token",
]

[[package]]
name = "openzeppelin_governance"
version = "0.17.0"
source = "git+https://github.com/OpenZeppelin/cairo-contracts.git?tag=v0.17.0#bf5d02c25c989ccc24f3ab42ec649617d3f21289"
dependencies = [
 "openzeppelin_access",
 "openzeppelin_introspection",
]

[[package]]
name = "openzeppelin_introspection"
version = "0.17.0"
source = "git+https://github.com/OpenZeppelin/cairo-contracts.git?tag=v0.17.0#bf5d02c25c989ccc24f3ab42ec649617d3f21289"

[[package]]
name = "openzeppelin_merkle_tree"
version = "0.17.0"
source = "git+https://github.com/OpenZeppelin/cairo-contracts.git?tag=v0.17.0#bf5d02c25c989ccc24f3ab42ec649617d3f21289"

[[package]]
name = "openzeppelin_presets"
version = "0.17.0"
source = "git+https://github.com/OpenZeppelin/cairo-contracts.git?tag=v0.17.0#bf5d02c25c989ccc24f3ab42ec649617d3f21289"
dependencies = [
 "openzeppelin_access",
 "openzeppelin_account",
 "openzeppelin_finance",
 "openzeppelin_introspection",
 "openzeppelin_token",
 "openzeppelin_upgrades",
]

[[package]]
name = "openzeppelin_security"
version = "0.17.0"
source = "git+https://github.com/OpenZeppelin/cairo-contracts.git?tag=v0.17.0#bf5d02c25c989ccc24f3ab42ec649617d3f21289"

[[package]]
name = "openzeppelin_token"
version = "0.17.0"
source = "git+https://github.com/OpenZeppelin/cairo-contracts.git?tag=v0.17.0#bf5d02c25c989ccc24f3ab42ec649617d3f21289"
dependencies = [
 "openzeppelin_account",
 "openzeppelin_governance",
 "openzeppelin_introspection",
]

[[package]]
name = "openzeppelin_upgrades"
version = "0.17.0"
source = "git+https://github.com/OpenZeppelin/cairo-contracts.git?tag=v0.17.0#bf5d02c25c989ccc24f3ab42ec649617d3f21289"

[[package]]
name = "openzeppelin_utils"
version = "0.17.0"
source = "git+https://github.com/OpenZeppelin/cairo-contracts.git?tag=v0.17.0#bf5d02c25c989ccc24f3ab42ec649617d3f21289"

[[package]]
name = "snforge_scarb_plugin"
version = "0.37.0"
source = "registry+https://scarbs.xyz/"
checksum = "sha256:9dbb114f853decc27b2d6d53e2ddd207217ce63c2d24a47c5c48d5f475b0b9a5"

[[package]]
name = "snforge_std"
version = "0.37.0"
source = "registry+https://scarbs.xyz/"
checksum = "sha256:f5702c4a6d54e3563b4aa78c834de6ddcf18ef8ca8fd35dc1bceb7ece58e9571"
dependencies = [
 "snforge_scarb_plugin",
]
